// !$*UTF8*$!
{
	archiveVersion = 1;
	classes = {
	};
	objectVersion = 56;
	objects = {

/* Begin PBXBuildFile section */
		2F1F08692B48A67C0039DDCD /* AddNewListView.swift in Sources */ = {isa = PBXBuildFile; fileRef = 2F1F08682B48A67C0039DDCD /* AddNewListView.swift */; };
		2F369ACE2B409D6A009EB1AB /* Extensions.swift in Sources */ = {isa = PBXBuildFile; fileRef = 2F369ACD2B409D6A009EB1AB /* Extensions.swift */; };
		2F369AD12B40A090009EB1AB /* Lottie in Frameworks */ = {isa = PBXBuildFile; productRef = 2F369AD02B40A090009EB1AB /* Lottie */; };
		2F369AD52B40B683009EB1AB /* LottieView.swift in Sources */ = {isa = PBXBuildFile; fileRef = 2F369AD42B40B683009EB1AB /* LottieView.swift */; };
		2F369AD72B40B7FC009EB1AB /* list.json in Resources */ = {isa = PBXBuildFile; fileRef = 2F369AD62B40B7FC009EB1AB /* list.json */; };
		2F8318B12B4C4BFB004250B1 /* NewListView.swift in Sources */ = {isa = PBXBuildFile; fileRef = 2F8318B02B4C4BFB004250B1 /* NewListView.swift */; };
		2F8318B32B4C68E9004250B1 /* fruits.json in Resources */ = {isa = PBXBuildFile; fileRef = 2F8318B22B4C68E9004250B1 /* fruits.json */; };
		2F9494042B41F0F60090A7A9 /* AuthView.swift in Sources */ = {isa = PBXBuildFile; fileRef = 2F9494032B41F0F60090A7A9 /* AuthView.swift */; };
		2F9494092B41F1FF0090A7A9 /* InputView.swift in Sources */ = {isa = PBXBuildFile; fileRef = 2F9494082B41F1FF0090A7A9 /* InputView.swift */; };
		2FAFCB3E2B44610100EC3E05 /* Inter-SemiBold.ttf in Resources */ = {isa = PBXBuildFile; fileRef = 2FAFCB3B2B4460FF00EC3E05 /* Inter-SemiBold.ttf */; };
		2FAFCB3F2B44610100EC3E05 /* Inter-Regular.ttf in Resources */ = {isa = PBXBuildFile; fileRef = 2FAFCB3C2B44610000EC3E05 /* Inter-Regular.ttf */; };
		2FAFCB402B44610100EC3E05 /* Inter-Medium.ttf in Resources */ = {isa = PBXBuildFile; fileRef = 2FAFCB3D2B44610100EC3E05 /* Inter-Medium.ttf */; };
		2FEFC7C82B3C6B0000003FCB /* GroceriesApp.swift in Sources */ = {isa = PBXBuildFile; fileRef = 2FEFC7C72B3C6B0000003FCB /* GroceriesApp.swift */; };
		2FEFC7CA2B3C6B0000003FCB /* ContentView.swift in Sources */ = {isa = PBXBuildFile; fileRef = 2FEFC7C92B3C6B0000003FCB /* ContentView.swift */; };
		2FEFC7CC2B3C6B0200003FCB /* Assets.xcassets in Resources */ = {isa = PBXBuildFile; fileRef = 2FEFC7CB2B3C6B0200003FCB /* Assets.xcassets */; };
		2FEFC7CF2B3C6B0200003FCB /* Preview Assets.xcassets in Resources */ = {isa = PBXBuildFile; fileRef = 2FEFC7CE2B3C6B0200003FCB /* Preview Assets.xcassets */; };
		2FEFC7D62B3C6D8F00003FCB /* GoogleService-Info.plist in Resources */ = {isa = PBXBuildFile; fileRef = 2FEFC7D52B3C6D8F00003FCB /* GoogleService-Info.plist */; };
		2FEFC7D92B3C6F4000003FCB /* FirebaseAnalyticsSwift in Frameworks */ = {isa = PBXBuildFile; productRef = 2FEFC7D82B3C6F4000003FCB /* FirebaseAnalyticsSwift */; };
		2FEFC7DB2B3C6F4000003FCB /* FirebaseDatabaseSwift in Frameworks */ = {isa = PBXBuildFile; productRef = 2FEFC7DA2B3C6F4000003FCB /* FirebaseDatabaseSwift */; };
		2FEFC7DD2B3C6F4000003FCB /* FirebaseFirestoreSwift in Frameworks */ = {isa = PBXBuildFile; productRef = 2FEFC7DC2B3C6F4000003FCB /* FirebaseFirestoreSwift */; };
		2FEFC7DF2B3C6F4000003FCB /* FirebaseStorage in Frameworks */ = {isa = PBXBuildFile; productRef = 2FEFC7DE2B3C6F4000003FCB /* FirebaseStorage */; };
		2FEFC7E92B3DC8EB00003FCB /* InitialView.swift in Sources */ = {isa = PBXBuildFile; fileRef = 2FEFC7E82B3DC8EB00003FCB /* InitialView.swift */; };
		2FF71F652B44ADCB007919AD /* RegisterView.swift in Sources */ = {isa = PBXBuildFile; fileRef = 2FF71F642B44ADCB007919AD /* RegisterView.swift */; };
		2FF71F672B44C224007919AD /* AuthProtocol.swift in Sources */ = {isa = PBXBuildFile; fileRef = 2FF71F662B44C224007919AD /* AuthProtocol.swift */; };
		2FF71F6B2B44CCA4007919AD /* GroceriesTabBarView.swift in Sources */ = {isa = PBXBuildFile; fileRef = 2FF71F6A2B44CCA4007919AD /* GroceriesTabBarView.swift */; };
		2FF71F722B458AD0007919AD /* ListView.swift in Sources */ = {isa = PBXBuildFile; fileRef = 2FF71F712B458AD0007919AD /* ListView.swift */; };
		2FF71F772B458B0E007919AD /* ProfileView.swift in Sources */ = {isa = PBXBuildFile; fileRef = 2FF71F762B458B0E007919AD /* ProfileView.swift */; };
		2FF71F792B45913E007919AD /* ListCardView.swift in Sources */ = {isa = PBXBuildFile; fileRef = 2FF71F782B45913E007919AD /* ListCardView.swift */; };
		2FF71F7B2B472201007919AD /* ListModel.swift in Sources */ = {isa = PBXBuildFile; fileRef = 2FF71F7A2B472201007919AD /* ListModel.swift */; };
		2FF71F7E2B47587F007919AD /* ViewExtensions.swift in Sources */ = {isa = PBXBuildFile; fileRef = 2FF71F7D2B47587F007919AD /* ViewExtensions.swift */; };
/* End PBXBuildFile section */

/* Begin PBXFileReference section */
		2F1F08682B48A67C0039DDCD /* AddNewListView.swift */ = {isa = PBXFileReference; lastKnownFileType = sourcecode.swift; path = AddNewListView.swift; sourceTree = "<group>"; };
		2F369ACD2B409D6A009EB1AB /* Extensions.swift */ = {isa = PBXFileReference; lastKnownFileType = sourcecode.swift; path = Extensions.swift; sourceTree = "<group>"; };
		2F369AD42B40B683009EB1AB /* LottieView.swift */ = {isa = PBXFileReference; lastKnownFileType = sourcecode.swift; path = LottieView.swift; sourceTree = "<group>"; };
		2F369AD62B40B7FC009EB1AB /* list.json */ = {isa = PBXFileReference; fileEncoding = 4; lastKnownFileType = text.json; path = list.json; sourceTree = "<group>"; };
		2F8318B02B4C4BFB004250B1 /* NewListView.swift */ = {isa = PBXFileReference; lastKnownFileType = sourcecode.swift; path = NewListView.swift; sourceTree = "<group>"; };
		2F8318B22B4C68E9004250B1 /* fruits.json */ = {isa = PBXFileReference; fileEncoding = 4; lastKnownFileType = text.json; path = fruits.json; sourceTree = "<group>"; };
		2F9494032B41F0F60090A7A9 /* AuthView.swift */ = {isa = PBXFileReference; lastKnownFileType = sourcecode.swift; path = AuthView.swift; sourceTree = "<group>"; };
		2F9494082B41F1FF0090A7A9 /* InputView.swift */ = {isa = PBXFileReference; lastKnownFileType = sourcecode.swift; path = InputView.swift; sourceTree = "<group>"; };
		2FAFCB3B2B4460FF00EC3E05 /* Inter-SemiBold.ttf */ = {isa = PBXFileReference; lastKnownFileType = file; path = "Inter-SemiBold.ttf"; sourceTree = "<group>"; };
		2FAFCB3C2B44610000EC3E05 /* Inter-Regular.ttf */ = {isa = PBXFileReference; lastKnownFileType = file; path = "Inter-Regular.ttf"; sourceTree = "<group>"; };
		2FAFCB3D2B44610100EC3E05 /* Inter-Medium.ttf */ = {isa = PBXFileReference; lastKnownFileType = file; path = "Inter-Medium.ttf"; sourceTree = "<group>"; };
		2FAFCB412B4461A600EC3E05 /* Info.plist */ = {isa = PBXFileReference; lastKnownFileType = text.plist; path = Info.plist; sourceTree = "<group>"; };
		2FEFC7C42B3C6B0000003FCB /* GroceriesApp.app */ = {isa = PBXFileReference; explicitFileType = wrapper.application; includeInIndex = 0; path = GroceriesApp.app; sourceTree = BUILT_PRODUCTS_DIR; };
		2FEFC7C72B3C6B0000003FCB /* GroceriesApp.swift */ = {isa = PBXFileReference; lastKnownFileType = sourcecode.swift; path = GroceriesApp.swift; sourceTree = "<group>"; };
		2FEFC7C92B3C6B0000003FCB /* ContentView.swift */ = {isa = PBXFileReference; lastKnownFileType = sourcecode.swift; path = ContentView.swift; sourceTree = "<group>"; };
		2FEFC7CB2B3C6B0200003FCB /* Assets.xcassets */ = {isa = PBXFileReference; lastKnownFileType = folder.assetcatalog; path = Assets.xcassets; sourceTree = "<group>"; };
		2FEFC7CE2B3C6B0200003FCB /* Preview Assets.xcassets */ = {isa = PBXFileReference; lastKnownFileType = folder.assetcatalog; path = "Preview Assets.xcassets"; sourceTree = "<group>"; };
		2FEFC7D52B3C6D8F00003FCB /* GoogleService-Info.plist */ = {isa = PBXFileReference; fileEncoding = 4; lastKnownFileType = text.plist.xml; path = "GoogleService-Info.plist"; sourceTree = "<group>"; };
		2FEFC7E82B3DC8EB00003FCB /* InitialView.swift */ = {isa = PBXFileReference; lastKnownFileType = sourcecode.swift; path = InitialView.swift; sourceTree = "<group>"; };
		2FF71F642B44ADCB007919AD /* RegisterView.swift */ = {isa = PBXFileReference; lastKnownFileType = sourcecode.swift; path = RegisterView.swift; sourceTree = "<group>"; };
		2FF71F662B44C224007919AD /* AuthProtocol.swift */ = {isa = PBXFileReference; lastKnownFileType = sourcecode.swift; path = AuthProtocol.swift; sourceTree = "<group>"; };
		2FF71F6A2B44CCA4007919AD /* GroceriesTabBarView.swift */ = {isa = PBXFileReference; lastKnownFileType = sourcecode.swift; path = GroceriesTabBarView.swift; sourceTree = "<group>"; };
		2FF71F712B458AD0007919AD /* ListView.swift */ = {isa = PBXFileReference; lastKnownFileType = sourcecode.swift; path = ListView.swift; sourceTree = "<group>"; };
		2FF71F762B458B0E007919AD /* ProfileView.swift */ = {isa = PBXFileReference; lastKnownFileType = sourcecode.swift; path = ProfileView.swift; sourceTree = "<group>"; };
		2FF71F782B45913E007919AD /* ListCardView.swift */ = {isa = PBXFileReference; lastKnownFileType = sourcecode.swift; path = ListCardView.swift; sourceTree = "<group>"; };
		2FF71F7A2B472201007919AD /* ListModel.swift */ = {isa = PBXFileReference; lastKnownFileType = sourcecode.swift; path = ListModel.swift; sourceTree = "<group>"; };
		2FF71F7D2B47587F007919AD /* ViewExtensions.swift */ = {isa = PBXFileReference; lastKnownFileType = sourcecode.swift; path = ViewExtensions.swift; sourceTree = "<group>"; };
/* End PBXFileReference section */

/* Begin PBXFrameworksBuildPhase section */
		2FEFC7C12B3C6B0000003FCB /* Frameworks */ = {
			isa = PBXFrameworksBuildPhase;
			buildActionMask = 2147483647;
			files = (
				2F369AD12B40A090009EB1AB /* Lottie in Frameworks */,
				2FEFC7DB2B3C6F4000003FCB /* FirebaseDatabaseSwift in Frameworks */,
				2FEFC7DF2B3C6F4000003FCB /* FirebaseStorage in Frameworks */,
				2FEFC7D92B3C6F4000003FCB /* FirebaseAnalyticsSwift in Frameworks */,
				2FEFC7DD2B3C6F4000003FCB /* FirebaseFirestoreSwift in Frameworks */,
			);
			runOnlyForDeploymentPostprocessing = 0;
		};
/* End PBXFrameworksBuildPhase section */

/* Begin PBXGroup section */
		2F1F08652B48A5DE0039DDCD /* NewItemList */ = {
			isa = PBXGroup;
			children = (
				2F1F08672B48A6610039DDCD /* ViewModel */,
				2F1F08662B48A6510039DDCD /* View */,
			);
			path = NewItemList;
			sourceTree = "<group>";
		};
		2F1F08662B48A6510039DDCD /* View */ = {
			isa = PBXGroup;
			children = (
				2F1F08682B48A67C0039DDCD /* AddNewListView.swift */,
				2F8318B02B4C4BFB004250B1 /* NewListView.swift */,
			);
			path = View;
			sourceTree = "<group>";
		};
		2F1F08672B48A6610039DDCD /* ViewModel */ = {
			isa = PBXGroup;
			children = (
			);
			path = ViewModel;
			sourceTree = "<group>";
		};
		2F9494012B41F0C80090A7A9 /* Initial */ = {
			isa = PBXGroup;
			children = (
				2F9494022B41F0D80090A7A9 /* View */,
				2F9494052B41F1060090A7A9 /* View Model */,
			);
			path = Initial;
			sourceTree = "<group>";
		};
		2F9494022B41F0D80090A7A9 /* View */ = {
			isa = PBXGroup;
			children = (
				2FEFC7E82B3DC8EB00003FCB /* InitialView.swift */,
			);
			path = View;
			sourceTree = "<group>";
		};
		2F9494052B41F1060090A7A9 /* View Model */ = {
			isa = PBXGroup;
			children = (
			);
			path = "View Model";
			sourceTree = "<group>";
		};
		2F9494062B41F16E0090A7A9 /* Model */ = {
			isa = PBXGroup;
			children = (
				2F369AD42B40B683009EB1AB /* LottieView.swift */,
			);
			path = Model;
			sourceTree = "<group>";
		};
		2F9494072B41F17E0090A7A9 /* Lotties */ = {
			isa = PBXGroup;
			children = (
				2F8318B22B4C68E9004250B1 /* fruits.json */,
				2F369AD62B40B7FC009EB1AB /* list.json */,
			);
			path = Lotties;
			sourceTree = "<group>";
		};
		2FAFCB372B44606500EC3E05 /* Font */ = {
			isa = PBXGroup;
			children = (
				2FAFCB3D2B44610100EC3E05 /* Inter-Medium.ttf */,
				2FAFCB3C2B44610000EC3E05 /* Inter-Regular.ttf */,
				2FAFCB3B2B4460FF00EC3E05 /* Inter-SemiBold.ttf */,
			);
			path = Font;
			sourceTree = "<group>";
		};
		2FEFC7BB2B3C6B0000003FCB = {
			isa = PBXGroup;
			children = (
				2FEFC7C62B3C6B0000003FCB /* GroceriesApp */,
				2FEFC7C52B3C6B0000003FCB /* Products */,
			);
			sourceTree = "<group>";
		};
		2FEFC7C52B3C6B0000003FCB /* Products */ = {
			isa = PBXGroup;
			children = (
				2FEFC7C42B3C6B0000003FCB /* GroceriesApp.app */,
			);
			name = Products;
			sourceTree = "<group>";
		};
		2FEFC7C62B3C6B0000003FCB /* GroceriesApp */ = {
			isa = PBXGroup;
			children = (
				2FF71F7C2B475827007919AD /* Helpers */,
				2FAFCB372B44606500EC3E05 /* Font */,
				2F9494072B41F17E0090A7A9 /* Lotties */,
				2F9494062B41F16E0090A7A9 /* Model */,
				2FEFC7E02B3C6F9100003FCB /* App */,
				2FEFC7E22B3C6FFD00003FCB /* Components */,
				2FEFC7E32B3C700800003FCB /* Core */,
				2FEFC7E12B3C6FE200003FCB /* Root */,
				2FEFC7CB2B3C6B0200003FCB /* Assets.xcassets */,
				2FEFC7D52B3C6D8F00003FCB /* GoogleService-Info.plist */,
				2FAFCB412B4461A600EC3E05 /* Info.plist */,
				2FEFC7CD2B3C6B0200003FCB /* Preview Content */,
			);
			path = GroceriesApp;
			sourceTree = "<group>";
		};
		2FEFC7CD2B3C6B0200003FCB /* Preview Content */ = {
			isa = PBXGroup;
			children = (
				2FEFC7CE2B3C6B0200003FCB /* Preview Assets.xcassets */,
			);
			path = "Preview Content";
			sourceTree = "<group>";
		};
		2FEFC7E02B3C6F9100003FCB /* App */ = {
			isa = PBXGroup;
			children = (
				2FEFC7C72B3C6B0000003FCB /* GroceriesApp.swift */,
			);
			path = App;
			sourceTree = "<group>";
		};
		2FEFC7E12B3C6FE200003FCB /* Root */ = {
			isa = PBXGroup;
			children = (
				2FEFC7C92B3C6B0000003FCB /* ContentView.swift */,
				2F369ACD2B409D6A009EB1AB /* Extensions.swift */,
			);
			path = Root;
			sourceTree = "<group>";
		};
		2FEFC7E22B3C6FFD00003FCB /* Components */ = {
			isa = PBXGroup;
			children = (
				2F9494082B41F1FF0090A7A9 /* InputView.swift */,
			);
			path = Components;
			sourceTree = "<group>";
		};
		2FEFC7E32B3C700800003FCB /* Core */ = {
			isa = PBXGroup;
			children = (
				2F1F08652B48A5DE0039DDCD /* NewItemList */,
				2FF71F732B458AEC007919AD /* Profile */,
				2FF71F6E2B458A90007919AD /* GroceriesList */,
				2FF71F692B44CC90007919AD /* TabBar */,
				2F9494012B41F0C80090A7A9 /* Initial */,
				2FEFC7E52B3C706F00003FCB /* Auth */,
			);
			path = Core;
			sourceTree = "<group>";
		};
		2FEFC7E52B3C706F00003FCB /* Auth */ = {
			isa = PBXGroup;
			children = (
				2FF71F682B44C22B007919AD /* Protocols */,
				2FEFC7E62B3C70B100003FCB /* Views */,
				2FEFC7E72B3C70B800003FCB /* View Model */,
			);
			path = Auth;
			sourceTree = "<group>";
		};
		2FEFC7E62B3C70B100003FCB /* Views */ = {
			isa = PBXGroup;
			children = (
				2F9494032B41F0F60090A7A9 /* AuthView.swift */,
				2FF71F642B44ADCB007919AD /* RegisterView.swift */,
			);
			path = Views;
			sourceTree = "<group>";
		};
		2FEFC7E72B3C70B800003FCB /* View Model */ = {
			isa = PBXGroup;
			children = (
			);
			path = "View Model";
			sourceTree = "<group>";
		};
		2FF71F682B44C22B007919AD /* Protocols */ = {
			isa = PBXGroup;
			children = (
				2FF71F662B44C224007919AD /* AuthProtocol.swift */,
			);
			path = Protocols;
			sourceTree = "<group>";
		};
		2FF71F692B44CC90007919AD /* TabBar */ = {
			isa = PBXGroup;
			children = (
				2FF71F6D2B44CCC6007919AD /* ViewModel */,
				2FF71F6C2B44CCB2007919AD /* Views */,
			);
			path = TabBar;
			sourceTree = "<group>";
		};
		2FF71F6C2B44CCB2007919AD /* Views */ = {
			isa = PBXGroup;
			children = (
				2FF71F6A2B44CCA4007919AD /* GroceriesTabBarView.swift */,
			);
			path = Views;
			sourceTree = "<group>";
		};
		2FF71F6D2B44CCC6007919AD /* ViewModel */ = {
			isa = PBXGroup;
			children = (
			);
			path = ViewModel;
			sourceTree = "<group>";
		};
		2FF71F6E2B458A90007919AD /* GroceriesList */ = {
			isa = PBXGroup;
			children = (
				2FF71F702B458AB8007919AD /* ViewModel */,
				2FF71F6F2B458AB2007919AD /* Views */,
			);
			path = GroceriesList;
			sourceTree = "<group>";
		};
		2FF71F6F2B458AB2007919AD /* Views */ = {
			isa = PBXGroup;
			children = (
				2FF71F712B458AD0007919AD /* ListView.swift */,
				2FF71F782B45913E007919AD /* ListCardView.swift */,
			);
			path = Views;
			sourceTree = "<group>";
		};
		2FF71F702B458AB8007919AD /* ViewModel */ = {
			isa = PBXGroup;
			children = (
				2FF71F7A2B472201007919AD /* ListModel.swift */,
			);
			path = ViewModel;
			sourceTree = "<group>";
		};
		2FF71F732B458AEC007919AD /* Profile */ = {
			isa = PBXGroup;
			children = (
				2FF71F752B458AFC007919AD /* ViewModel */,
				2FF71F742B458AF6007919AD /* View */,
			);
			path = Profile;
			sourceTree = "<group>";
		};
		2FF71F742B458AF6007919AD /* View */ = {
			isa = PBXGroup;
			children = (
				2FF71F762B458B0E007919AD /* ProfileView.swift */,
			);
			path = View;
			sourceTree = "<group>";
		};
		2FF71F752B458AFC007919AD /* ViewModel */ = {
			isa = PBXGroup;
			children = (
			);
			path = ViewModel;
			sourceTree = "<group>";
		};
		2FF71F7C2B475827007919AD /* Helpers */ = {
			isa = PBXGroup;
			children = (
				2FF71F7D2B47587F007919AD /* ViewExtensions.swift */,
			);
			path = Helpers;
			sourceTree = "<group>";
		};
/* End PBXGroup section */

/* Begin PBXNativeTarget section */
		2FEFC7C32B3C6B0000003FCB /* GroceriesApp */ = {
			isa = PBXNativeTarget;
			buildConfigurationList = 2FEFC7D22B3C6B0200003FCB /* Build configuration list for PBXNativeTarget "GroceriesApp" */;
			buildPhases = (
				2FEFC7C02B3C6B0000003FCB /* Sources */,
				2FEFC7C12B3C6B0000003FCB /* Frameworks */,
				2FEFC7C22B3C6B0000003FCB /* Resources */,
			);
			buildRules = (
			);
			dependencies = (
			);
			name = GroceriesApp;
			packageProductDependencies = (
				2FEFC7D82B3C6F4000003FCB /* FirebaseAnalyticsSwift */,
				2FEFC7DA2B3C6F4000003FCB /* FirebaseDatabaseSwift */,
				2FEFC7DC2B3C6F4000003FCB /* FirebaseFirestoreSwift */,
				2FEFC7DE2B3C6F4000003FCB /* FirebaseStorage */,
				2F369AD02B40A090009EB1AB /* Lottie */,
			);
			productName = GroceriesApp;
			productReference = 2FEFC7C42B3C6B0000003FCB /* GroceriesApp.app */;
			productType = "com.apple.product-type.application";
		};
/* End PBXNativeTarget section */

/* Begin PBXProject section */
		2FEFC7BC2B3C6B0000003FCB /* Project object */ = {
			isa = PBXProject;
			attributes = {
				BuildIndependentTargetsInParallel = 1;
				LastSwiftUpdateCheck = 1420;
				LastUpgradeCheck = 1420;
				TargetAttributes = {
					2FEFC7C32B3C6B0000003FCB = {
						CreatedOnToolsVersion = 14.2;
					};
				};
			};
			buildConfigurationList = 2FEFC7BF2B3C6B0000003FCB /* Build configuration list for PBXProject "GroceriesApp" */;
			compatibilityVersion = "Xcode 14.0";
			developmentRegion = en;
			hasScannedForEncodings = 0;
			knownRegions = (
				en,
				Base,
			);
			mainGroup = 2FEFC7BB2B3C6B0000003FCB;
			packageReferences = (
				2FEFC7D72B3C6F4000003FCB /* XCRemoteSwiftPackageReference "firebase-ios-sdk" */,
				2F369ACF2B40A090009EB1AB /* XCRemoteSwiftPackageReference "lottie-spm" */,
			);
			productRefGroup = 2FEFC7C52B3C6B0000003FCB /* Products */;
			projectDirPath = "";
			projectRoot = "";
			targets = (
				2FEFC7C32B3C6B0000003FCB /* GroceriesApp */,
			);
		};
/* End PBXProject section */

/* Begin PBXResourcesBuildPhase section */
		2FEFC7C22B3C6B0000003FCB /* Resources */ = {
			isa = PBXResourcesBuildPhase;
			buildActionMask = 2147483647;
			files = (
				2F8318B32B4C68E9004250B1 /* fruits.json in Resources */,
				2FEFC7CF2B3C6B0200003FCB /* Preview Assets.xcassets in Resources */,
				2FEFC7D62B3C6D8F00003FCB /* GoogleService-Info.plist in Resources */,
				2FEFC7CC2B3C6B0200003FCB /* Assets.xcassets in Resources */,
				2FAFCB3E2B44610100EC3E05 /* Inter-SemiBold.ttf in Resources */,
				2FAFCB402B44610100EC3E05 /* Inter-Medium.ttf in Resources */,
				2FAFCB3F2B44610100EC3E05 /* Inter-Regular.ttf in Resources */,
				2F369AD72B40B7FC009EB1AB /* list.json in Resources */,
			);
			runOnlyForDeploymentPostprocessing = 0;
		};
/* End PBXResourcesBuildPhase section */

/* Begin PBXSourcesBuildPhase section */
		2FEFC7C02B3C6B0000003FCB /* Sources */ = {
			isa = PBXSourcesBuildPhase;
			buildActionMask = 2147483647;
			files = (
				2FF71F792B45913E007919AD /* ListCardView.swift in Sources */,
				2FEFC7E92B3DC8EB00003FCB /* InitialView.swift in Sources */,
				2F9494092B41F1FF0090A7A9 /* InputView.swift in Sources */,
				2FEFC7CA2B3C6B0000003FCB /* ContentView.swift in Sources */,
				2FF71F672B44C224007919AD /* AuthProtocol.swift in Sources */,
				2F8318B12B4C4BFB004250B1 /* NewListView.swift in Sources */,
				2FF71F772B458B0E007919AD /* ProfileView.swift in Sources */,
				2F9494042B41F0F60090A7A9 /* AuthView.swift in Sources */,
				2F369AD52B40B683009EB1AB /* LottieView.swift in Sources */,
				2FF71F652B44ADCB007919AD /* RegisterView.swift in Sources */,
				2F1F08692B48A67C0039DDCD /* AddNewListView.swift in Sources */,
				2FEFC7C82B3C6B0000003FCB /* GroceriesApp.swift in Sources */,
				2FF71F722B458AD0007919AD /* ListView.swift in Sources */,
				2FF71F7B2B472201007919AD /* ListModel.swift in Sources */,
				2FF71F6B2B44CCA4007919AD /* GroceriesTabBarView.swift in Sources */,
				2FF71F7E2B47587F007919AD /* ViewExtensions.swift in Sources */,
				2F369ACE2B409D6A009EB1AB /* Extensions.swift in Sources */,
			);
			runOnlyForDeploymentPostprocessing = 0;
		};
/* End PBXSourcesBuildPhase section */

/* Begin XCBuildConfiguration section */
		2FEFC7D02B3C6B0200003FCB /* Debug */ = {
			isa = XCBuildConfiguration;
			buildSettings = {
				ALWAYS_SEARCH_USER_PATHS = NO;
				CLANG_ANALYZER_NONNULL = YES;
				CLANG_ANALYZER_NUMBER_OBJECT_CONVERSION = YES_AGGRESSIVE;
				CLANG_CXX_LANGUAGE_STANDARD = "gnu++20";
				CLANG_ENABLE_MODULES = YES;
				CLANG_ENABLE_OBJC_ARC = YES;
				CLANG_ENABLE_OBJC_WEAK = YES;
				CLANG_WARN_BLOCK_CAPTURE_AUTORELEASING = YES;
				CLANG_WARN_BOOL_CONVERSION = YES;
				CLANG_WARN_COMMA = YES;
				CLANG_WARN_CONSTANT_CONVERSION = YES;
				CLANG_WARN_DEPRECATED_OBJC_IMPLEMENTATIONS = YES;
				CLANG_WARN_DIRECT_OBJC_ISA_USAGE = YES_ERROR;
				CLANG_WARN_DOCUMENTATION_COMMENTS = YES;
				CLANG_WARN_EMPTY_BODY = YES;
				CLANG_WARN_ENUM_CONVERSION = YES;
				CLANG_WARN_INFINITE_RECURSION = YES;
				CLANG_WARN_INT_CONVERSION = YES;
				CLANG_WARN_NON_LITERAL_NULL_CONVERSION = YES;
				CLANG_WARN_OBJC_IMPLICIT_RETAIN_SELF = YES;
				CLANG_WARN_OBJC_LITERAL_CONVERSION = YES;
				CLANG_WARN_OBJC_ROOT_CLASS = YES_ERROR;
				CLANG_WARN_QUOTED_INCLUDE_IN_FRAMEWORK_HEADER = YES;
				CLANG_WARN_RANGE_LOOP_ANALYSIS = YES;
				CLANG_WARN_STRICT_PROTOTYPES = YES;
				CLANG_WARN_SUSPICIOUS_MOVE = YES;
				CLANG_WARN_UNGUARDED_AVAILABILITY = YES_AGGRESSIVE;
				CLANG_WARN_UNREACHABLE_CODE = YES;
				CLANG_WARN__DUPLICATE_METHOD_MATCH = YES;
				COPY_PHASE_STRIP = NO;
				DEBUG_INFORMATION_FORMAT = dwarf;
				ENABLE_STRICT_OBJC_MSGSEND = YES;
				ENABLE_TESTABILITY = YES;
				GCC_C_LANGUAGE_STANDARD = gnu11;
				GCC_DYNAMIC_NO_PIC = NO;
				GCC_NO_COMMON_BLOCKS = YES;
				GCC_OPTIMIZATION_LEVEL = 0;
				GCC_PREPROCESSOR_DEFINITIONS = (
					"DEBUG=1",
					"$(inherited)",
				);
				GCC_WARN_64_TO_32_BIT_CONVERSION = YES;
				GCC_WARN_ABOUT_RETURN_TYPE = YES_ERROR;
				GCC_WARN_UNDECLARED_SELECTOR = YES;
				GCC_WARN_UNINITIALIZED_AUTOS = YES_AGGRESSIVE;
				GCC_WARN_UNUSED_FUNCTION = YES;
				GCC_WARN_UNUSED_VARIABLE = YES;
				IPHONEOS_DEPLOYMENT_TARGET = 16.2;
				MTL_ENABLE_DEBUG_INFO = INCLUDE_SOURCE;
				MTL_FAST_MATH = YES;
				ONLY_ACTIVE_ARCH = YES;
				SDKROOT = iphoneos;
				SWIFT_ACTIVE_COMPILATION_CONDITIONS = DEBUG;
				SWIFT_OPTIMIZATION_LEVEL = "-Onone";
			};
			name = Debug;
		};
		2FEFC7D12B3C6B0200003FCB /* Release */ = {
			isa = XCBuildConfiguration;
			buildSettings = {
				ALWAYS_SEARCH_USER_PATHS = NO;
				CLANG_ANALYZER_NONNULL = YES;
				CLANG_ANALYZER_NUMBER_OBJECT_CONVERSION = YES_AGGRESSIVE;
				CLANG_CXX_LANGUAGE_STANDARD = "gnu++20";
				CLANG_ENABLE_MODULES = YES;
				CLANG_ENABLE_OBJC_ARC = YES;
				CLANG_ENABLE_OBJC_WEAK = YES;
				CLANG_WARN_BLOCK_CAPTURE_AUTORELEASING = YES;
				CLANG_WARN_BOOL_CONVERSION = YES;
				CLANG_WARN_COMMA = YES;
				CLANG_WARN_CONSTANT_CONVERSION = YES;
				CLANG_WARN_DEPRECATED_OBJC_IMPLEMENTATIONS = YES;
				CLANG_WARN_DIRECT_OBJC_ISA_USAGE = YES_ERROR;
				CLANG_WARN_DOCUMENTATION_COMMENTS = YES;
				CLANG_WARN_EMPTY_BODY = YES;
				CLANG_WARN_ENUM_CONVERSION = YES;
				CLANG_WARN_INFINITE_RECURSION = YES;
				CLANG_WARN_INT_CONVERSION = YES;
				CLANG_WARN_NON_LITERAL_NULL_CONVERSION = YES;
				CLANG_WARN_OBJC_IMPLICIT_RETAIN_SELF = YES;
				CLANG_WARN_OBJC_LITERAL_CONVERSION = YES;
				CLANG_WARN_OBJC_ROOT_CLASS = YES_ERROR;
				CLANG_WARN_QUOTED_INCLUDE_IN_FRAMEWORK_HEADER = YES;
				CLANG_WARN_RANGE_LOOP_ANALYSIS = YES;
				CLANG_WARN_STRICT_PROTOTYPES = YES;
				CLANG_WARN_SUSPICIOUS_MOVE = YES;
				CLANG_WARN_UNGUARDED_AVAILABILITY = YES_AGGRESSIVE;
				CLANG_WARN_UNREACHABLE_CODE = YES;
				CLANG_WARN__DUPLICATE_METHOD_MATCH = YES;
				COPY_PHASE_STRIP = NO;
				DEBUG_INFORMATION_FORMAT = "dwarf-with-dsym";
				ENABLE_NS_ASSERTIONS = NO;
				ENABLE_STRICT_OBJC_MSGSEND = YES;
				GCC_C_LANGUAGE_STANDARD = gnu11;
				GCC_NO_COMMON_BLOCKS = YES;
				GCC_WARN_64_TO_32_BIT_CONVERSION = YES;
				GCC_WARN_ABOUT_RETURN_TYPE = YES_ERROR;
				GCC_WARN_UNDECLARED_SELECTOR = YES;
				GCC_WARN_UNINITIALIZED_AUTOS = YES_AGGRESSIVE;
				GCC_WARN_UNUSED_FUNCTION = YES;
				GCC_WARN_UNUSED_VARIABLE = YES;
				IPHONEOS_DEPLOYMENT_TARGET = 16.2;
				MTL_ENABLE_DEBUG_INFO = NO;
				MTL_FAST_MATH = YES;
				SDKROOT = iphoneos;
				SWIFT_COMPILATION_MODE = wholemodule;
				SWIFT_OPTIMIZATION_LEVEL = "-O";
				VALIDATE_PRODUCT = YES;
			};
			name = Release;
		};
		2FEFC7D32B3C6B0200003FCB /* Debug */ = {
			isa = XCBuildConfiguration;
			buildSettings = {
				ASSETCATALOG_COMPILER_APPICON_NAME = AppIcon;
				ASSETCATALOG_COMPILER_GLOBAL_ACCENT_COLOR_NAME = AccentColor;
				CODE_SIGN_STYLE = Automatic;
				CURRENT_PROJECT_VERSION = 1;
				DEVELOPMENT_ASSET_PATHS = "\"GroceriesApp/Preview Content\"";
				DEVELOPMENT_TEAM = ZJ24JA23A8;
				ENABLE_PREVIEWS = YES;
				GENERATE_INFOPLIST_FILE = YES;
				INFOPLIST_FILE = GroceriesApp/Info.plist;
				INFOPLIST_KEY_LSApplicationCategoryType = "public.app-category.utilities";
				INFOPLIST_KEY_UIApplicationSceneManifest_Generation = YES;
				INFOPLIST_KEY_UIApplicationSupportsIndirectInputEvents = YES;
				INFOPLIST_KEY_UILaunchScreen_Generation = YES;
				INFOPLIST_KEY_UISupportedInterfaceOrientations_iPad = "UIInterfaceOrientationPortrait UIInterfaceOrientationPortraitUpsideDown UIInterfaceOrientationLandscapeLeft UIInterfaceOrientationLandscapeRight";
				INFOPLIST_KEY_UISupportedInterfaceOrientations_iPhone = "UIInterfaceOrientationPortrait UIInterfaceOrientationLandscapeLeft UIInterfaceOrientationLandscapeRight";
				LD_RUNPATH_SEARCH_PATHS = (
					"$(inherited)",
					"@executable_path/Frameworks",
				);
				MARKETING_VERSION = 1.0;
				PRODUCT_BUNDLE_IDENTIFIER = jrSoftware.GroceriesApp;
				PRODUCT_NAME = "$(TARGET_NAME)";
				SWIFT_EMIT_LOC_STRINGS = YES;
				SWIFT_VERSION = 5.0;
				TARGETED_DEVICE_FAMILY = "1,2";
			};
			name = Debug;
		};
		2FEFC7D42B3C6B0200003FCB /* Release */ = {
			isa = XCBuildConfiguration;
			buildSettings = {
				ASSETCATALOG_COMPILER_APPICON_NAME = AppIcon;
				ASSETCATALOG_COMPILER_GLOBAL_ACCENT_COLOR_NAME = AccentColor;
				CODE_SIGN_STYLE = Automatic;
				CURRENT_PROJECT_VERSION = 1;
				DEVELOPMENT_ASSET_PATHS = "\"GroceriesApp/Preview Content\"";
				DEVELOPMENT_TEAM = ZJ24JA23A8;
				ENABLE_PREVIEWS = YES;
				GENERATE_INFOPLIST_FILE = YES;
				INFOPLIST_FILE = GroceriesApp/Info.plist;
				INFOPLIST_KEY_LSApplicationCategoryType = "public.app-category.utilities";
				INFOPLIST_KEY_UIApplicationSceneManifest_Generation = YES;
				INFOPLIST_KEY_UIApplicationSupportsIndirectInputEvents = YES;
				INFOPLIST_KEY_UILaunchScreen_Generation = YES;
				INFOPLIST_KEY_UISupportedInterfaceOrientations_iPad = "UIInterfaceOrientationPortrait UIInterfaceOrientationPortraitUpsideDown UIInterfaceOrientationLandscapeLeft UIInterfaceOrientationLandscapeRight";
				INFOPLIST_KEY_UISupportedInterfaceOrientations_iPhone = "UIInterfaceOrientationPortrait UIInterfaceOrientationLandscapeLeft UIInterfaceOrientationLandscapeRight";
				LD_RUNPATH_SEARCH_PATHS = (
					"$(inherited)",
					"@executable_path/Frameworks",
				);
				MARKETING_VERSION = 1.0;
				PRODUCT_BUNDLE_IDENTIFIER = jrSoftware.GroceriesApp;
				PRODUCT_NAME = "$(TARGET_NAME)";
				SWIFT_EMIT_LOC_STRINGS = YES;
				SWIFT_VERSION = 5.0;
				TARGETED_DEVICE_FAMILY = "1,2";
			};
			name = Release;
		};
/* End XCBuildConfiguration section */

/* Begin XCConfigurationList section */
		2FEFC7BF2B3C6B0000003FCB /* Build configuration list for PBXProject "GroceriesApp" */ = {
			isa = XCConfigurationList;
			buildConfigurations = (
				2FEFC7D02B3C6B0200003FCB /* Debug */,
				2FEFC7D12B3C6B0200003FCB /* Release */,
			);
			defaultConfigurationIsVisible = 0;
			defaultConfigurationName = Release;
		};
		2FEFC7D22B3C6B0200003FCB /* Build configuration list for PBXNativeTarget "GroceriesApp" */ = {
			isa = XCConfigurationList;
			buildConfigurations = (
				2FEFC7D32B3C6B0200003FCB /* Debug */,
				2FEFC7D42B3C6B0200003FCB /* Release */,
			);
			defaultConfigurationIsVisible = 0;
			defaultConfigurationName = Release;
		};
/* End XCConfigurationList section */

/* Begin XCRemoteSwiftPackageReference section */
		2F369ACF2B40A090009EB1AB /* XCRemoteSwiftPackageReference "lottie-spm" */ = {
			isa = XCRemoteSwiftPackageReference;
			repositoryURL = "https://github.com/airbnb/lottie-spm.git";
			requirement = {
				kind = upToNextMajorVersion;
				minimumVersion = 4.0.0;
			};
		};
		2FEFC7D72B3C6F4000003FCB /* XCRemoteSwiftPackageReference "firebase-ios-sdk" */ = {
			isa = XCRemoteSwiftPackageReference;
			repositoryURL = "https://github.com/firebase/firebase-ios-sdk";
			requirement = {
				branch = main;
				kind = branch;
			};
		};
/* End XCRemoteSwiftPackageReference section */

/* Begin XCSwiftPackageProductDependency section */
		2F369AD02B40A090009EB1AB /* Lottie */ = {
			isa = XCSwiftPackageProductDependency;
			package = 2F369ACF2B40A090009EB1AB /* XCRemoteSwiftPackageReference "lottie-spm" */;
			productName = Lottie;
		};
		2FEFC7D82B3C6F4000003FCB /* FirebaseAnalyticsSwift */ = {
			isa = XCSwiftPackageProductDependency;
			package = 2FEFC7D72B3C6F4000003FCB /* XCRemoteSwiftPackageReference "firebase-ios-sdk" */;
			productName = FirebaseAnalyticsSwift;
		};
		2FEFC7DA2B3C6F4000003FCB /* FirebaseDatabaseSwift */ = {
			isa = XCSwiftPackageProductDependency;
			package = 2FEFC7D72B3C6F4000003FCB /* XCRemoteSwiftPackageReference "firebase-ios-sdk" */;
			productName = FirebaseDatabaseSwift;
		};
		2FEFC7DC2B3C6F4000003FCB /* FirebaseFirestoreSwift */ = {
			isa = XCSwiftPackageProductDependency;
			package = 2FEFC7D72B3C6F4000003FCB /* XCRemoteSwiftPackageReference "firebase-ios-sdk" */;
			productName = FirebaseFirestoreSwift;
		};
		2FEFC7DE2B3C6F4000003FCB /* FirebaseStorage */ = {
			isa = XCSwiftPackageProductDependency;
			package = 2FEFC7D72B3C6F4000003FCB /* XCRemoteSwiftPackageReference "firebase-ios-sdk" */;
			productName = FirebaseStorage;
		};
/* End XCSwiftPackageProductDependency section */
	};
	rootObject = 2FEFC7BC2B3C6B0000003FCB /* Project object */;
}
